
Microsoft Visual Studio Solution File, Format Version 12.00
# Visual Studio Version 17
VisualStudioVersion = 17.5.33627.172
MinimumVisualStudioVersion = 10.0.40219.1
Project("{FAE04EC0-301F-11D3-BF4B-00C04F79EFBC}") = "DelegateExamples", "DelegateExamples.csproj", "{DE85AC43-6E3F-4A7A-B370-92D3A4C7175F}"
EndProject
Global
	GlobalSection(SolutionConfigurationPlatforms) = preSolution
		Debug|Any CPU = Debug|Any CPU
		Release|Any CPU = Release|Any CPU
	EndGlobalSection
	GlobalSection(ProjectConfigurationPlatforms) = postSolution
		{DE85AC43-6E3F-4A7A-B370-92D3A4C7175F}.Debug|Any CPU.ActiveCfg = Debug|Any CPU
		{DE85AC43-6E3F-4A7A-B370-92D3A4C7175F}.Debug|Any CPU.Build.0 = Debug|Any CPU
		{DE85AC43-6E3F-4A7A-B370-92D3A4C7175F}.Release|Any CPU.ActiveCfg = Release|Any CPU
		{DE85AC43-6E3F-4A7A-B370-92D3A4C7175F}.Release|Any CPU.Build.0 = Release|Any CPU
	EndGlobalSection
	GlobalSection(SolutionProperties) = preSolution
		HideSolutionNode = FALSE
	EndGlobalSection
	GlobalSection(ExtensibilityGlobals) = postSolution
		SolutionGuid = {1986BD6F-B2AF-4C30-9E45-1429B4F52C2F}
	EndGlobalSection
EndGlobal
